
Microsoft Visual Studio Solution File, Format Version 12.00
# Visual Studio 2013
VisualStudioVersion = 12.0.31101.0
MinimumVisualStudioVersion = 10.0.40219.1
Project("{FAE04EC0-301F-11D3-BF4B-00C04F79EFBC}") = "App.TypeLib", "App.TypeLib\App.TypeLib.csproj", "{4BD23C57-8FBD-4CA8-A22C-B53DB290025E}"
EndProject
Project("{FAE04EC0-301F-11D3-BF4B-00C04F79EFBC}") = "App.Service", "App.Service\App.Service.csproj", "{0607338C-C7C3-483D-8AC8-DFAE6C8A7C56}"
EndProject
Project("{FAE04EC0-301F-11D3-BF4B-00C04F79EFBC}") = "App", "App\App.csproj", "{7971EE3E-3A26-4B20-A5FC-D204D9B283E7}"
EndProject
Global
	GlobalSection(SolutionConfigurationPlatforms) = preSolution
		Debug|Any CPU = Debug|Any CPU
		Release|Any CPU = Release|Any CPU
	EndGlobalSection
	GlobalSection(ProjectConfigurationPlatforms) = postSolution
		{4BD23C57-8FBD-4CA8-A22C-B53DB290025E}.Debug|Any CPU.ActiveCfg = Debug|Any CPU
		{4BD23C57-8FBD-4CA8-A22C-B53DB290025E}.Debug|Any CPU.Build.0 = Debug|Any CPU
		{4BD23C57-8FBD-4CA8-A22C-B53DB290025E}.Release|Any CPU.ActiveCfg = Release|Any CPU
		{4BD23C57-8FBD-4CA8-A22C-B53DB290025E}.Release|Any CPU.Build.0 = Release|Any CPU
		{0607338C-C7C3-483D-8AC8-DFAE6C8A7C56}.Debug|Any CPU.ActiveCfg = Debug|Any CPU
		{0607338C-C7C3-483D-8AC8-DFAE6C8A7C56}.Debug|Any CPU.Build.0 = Debug|Any CPU
		{0607338C-C7C3-483D-8AC8-DFAE6C8A7C56}.Release|Any CPU.ActiveCfg = Release|Any CPU
		{0607338C-C7C3-483D-8AC8-DFAE6C8A7C56}.Release|Any CPU.Build.0 = Release|Any CPU
		{7971EE3E-3A26-4B20-A5FC-D204D9B283E7}.Debug|Any CPU.ActiveCfg = Debug|Any CPU
		{7971EE3E-3A26-4B20-A5FC-D204D9B283E7}.Debug|Any CPU.Build.0 = Debug|Any CPU
		{7971EE3E-3A26-4B20-A5FC-D204D9B283E7}.Release|Any CPU.ActiveCfg = Release|Any CPU
		{7971EE3E-3A26-4B20-A5FC-D204D9B283E7}.Release|Any CPU.Build.0 = Release|Any CPU
	EndGlobalSection
	GlobalSection(SolutionProperties) = preSolution
		HideSolutionNode = FALSE
	EndGlobalSection
EndGlobal
